
Microsoft Visual Studio Solution File, Format Version 12.00
# Visual Studio 15
VisualStudioVersion = 15.0.27130.2027
MinimumVisualStudioVersion = 10.0.40219.1
Project("{FAE04EC0-301F-11D3-BF4B-00C04F79EFBC}") = "Bookmarks", "Bookmarks\Bookmarks.csproj", "{ABBD348A-7B0D-4C28-A602-9AF7D3C890A7}"
EndProject
Project("{FAE04EC0-301F-11D3-BF4B-00C04F79EFBC}") = "Menu", "Menu\Menu.csproj", "{F3785071-60CF-4D0C-A717-D2494AB87010}"
EndProject
Global
	GlobalSection(SolutionConfigurationPlatforms) = preSolution
		Debug|Any CPU = Debug|Any CPU
		Release|Any CPU = Release|Any CPU
	EndGlobalSection
	GlobalSection(ProjectConfigurationPlatforms) = postSolution
		{ABBD348A-7B0D-4C28-A602-9AF7D3C890A7}.Debug|Any CPU.ActiveCfg = Debug|Any CPU
		{ABBD348A-7B0D-4C28-A602-9AF7D3C890A7}.Debug|Any CPU.Build.0 = Debug|Any CPU
		{ABBD348A-7B0D-4C28-A602-9AF7D3C890A7}.Release|Any CPU.ActiveCfg = Release|Any CPU
		{ABBD348A-7B0D-4C28-A602-9AF7D3C890A7}.Release|Any CPU.Build.0 = Release|Any CPU
		{F3785071-60CF-4D0C-A717-D2494AB87010}.Debug|Any CPU.ActiveCfg = Debug|Any CPU
		{F3785071-60CF-4D0C-A717-D2494AB87010}.Debug|Any CPU.Build.0 = Debug|Any CPU
		{F3785071-60CF-4D0C-A717-D2494AB87010}.Release|Any CPU.ActiveCfg = Release|Any CPU
		{F3785071-60CF-4D0C-A717-D2494AB87010}.Release|Any CPU.Build.0 = Release|Any CPU
	EndGlobalSection
	GlobalSection(SolutionProperties) = preSolution
		HideSolutionNode = FALSE
	EndGlobalSection
	GlobalSection(ExtensibilityGlobals) = postSolution
		SolutionGuid = {2D6CFFB9-E33A-437D-B425-868A4D8D2023}
	EndGlobalSection
EndGlobal
